
Microsoft Visual Studio Solution File, Format Version 12.00
# Visual Studio Version 17
VisualStudioVersion = 17.14.36511.14
MinimumVisualStudioVersion = 10.0.40219.1
Project("{2150E333-8FDC-42A3-9474-1A3956D46DE8}") = "Task0", "Task0", "{02EA681E-C7D8-13C7-8484-4AC65E1B71E8}"
EndProject
Project("{FAE04EC0-301F-11D3-BF4B-00C04F79EFBC}") = "Tyuiu.MertsKV.Sprint1.Task0.V30.Lib", "Tyuiu.MertsKV.Sprint1.Task0.V30.Lib\Tyuiu.MertsKV.Sprint1.Task0.V30.Lib.csproj", "{AC23164C-C9B2-4A29-848A-8A091B6940FC}"
EndProject
Project("{FAE04EC0-301F-11D3-BF4B-00C04F79EFBC}") = "Tyuiu.MertsKV.Sprint1.Task0.V30", "Tyuiu.MertsKV.Sprint1.Task0.V30\Tyuiu.MertsKV.Sprint1.Task0.V30.csproj", "{382CD509-F3E4-45C5-A205-F35EEDCC5999}"
EndProject
Project("{FAE04EC0-301F-11D3-BF4B-00C04F79EFBC}") = "Tyuiu.MertsKV.Sprint1.Task0.V30.Test", "Tyuiu.MertsKV.Sprint1.Task0.V30.Test\Tyuiu.MertsKV.Sprint1.Task0.V30.Test.csproj", "{32F420DC-B585-4D34-996B-C83C95F4A9CA}"
EndProject
Project("{2150E333-8FDC-42A3-9474-1A3956D46DE8}") = "Task1", "Task1", "{EE0C8270-37E1-44A9-B6E3-9733EFC4D2B0}"
EndProject
Project("{FAE04EC0-301F-11D3-BF4B-00C04F79EFBC}") = "Tyuiu.MertsKV.Sprint1.Task1.V30", "Tyuiu.MertsKV.Sprint1.Task1.V30\Tyuiu.MertsKV.Sprint1.Task1.V30.csproj", "{D85477CC-B9FA-4FBD-B41F-FADD40BA8DE5}"
EndProject
Project("{FAE04EC0-301F-11D3-BF4B-00C04F79EFBC}") = "Tyuiu.MertsKV.Sprint1.Task1.V30.Lib", "Tyuiu.MertsKV.Sprint1.Task1.V30.Lib\Tyuiu.MertsKV.Sprint1.Task1.V30.Lib.csproj", "{0DC9FEBC-1E41-408A-A056-939DD0852F76}"
EndProject
Project("{FAE04EC0-301F-11D3-BF4B-00C04F79EFBC}") = "Tyuiu.MertsKV.Sprint1.Task1.V30.Test", "Tyuiu.MertsKV.Sprint1.Task1.V30.Test\Tyuiu.MertsKV.Sprint1.Task1.V30.Test.csproj", "{7FBBD98A-6AEE-4B73-93D7-268FA88BA39E}"
EndProject
Global
	GlobalSection(SolutionConfigurationPlatforms) = preSolution
		Debug|Any CPU = Debug|Any CPU
		Release|Any CPU = Release|Any CPU
	EndGlobalSection
	GlobalSection(ProjectConfigurationPlatforms) = postSolution
		{AC23164C-C9B2-4A29-848A-8A091B6940FC}.Debug|Any CPU.ActiveCfg = Debug|Any CPU
		{AC23164C-C9B2-4A29-848A-8A091B6940FC}.Debug|Any CPU.Build.0 = Debug|Any CPU
		{AC23164C-C9B2-4A29-848A-8A091B6940FC}.Release|Any CPU.ActiveCfg = Release|Any CPU
		{AC23164C-C9B2-4A29-848A-8A091B6940FC}.Release|Any CPU.Build.0 = Release|Any CPU
		{382CD509-F3E4-45C5-A205-F35EEDCC5999}.Debug|Any CPU.ActiveCfg = Debug|Any CPU
		{382CD509-F3E4-45C5-A205-F35EEDCC5999}.Debug|Any CPU.Build.0 = Debug|Any CPU
		{382CD509-F3E4-45C5-A205-F35EEDCC5999}.Release|Any CPU.ActiveCfg = Release|Any CPU
		{382CD509-F3E4-45C5-A205-F35EEDCC5999}.Release|Any CPU.Build.0 = Release|Any CPU
		{32F420DC-B585-4D34-996B-C83C95F4A9CA}.Debug|Any CPU.ActiveCfg = Debug|Any CPU
		{32F420DC-B585-4D34-996B-C83C95F4A9CA}.Debug|Any CPU.Build.0 = Debug|Any CPU
		{32F420DC-B585-4D34-996B-C83C95F4A9CA}.Release|Any CPU.ActiveCfg = Release|Any CPU
		{32F420DC-B585-4D34-996B-C83C95F4A9CA}.Release|Any CPU.Build.0 = Release|Any CPU
		{D85477CC-B9FA-4FBD-B41F-FADD40BA8DE5}.Debug|Any CPU.ActiveCfg = Debug|Any CPU
		{D85477CC-B9FA-4FBD-B41F-FADD40BA8DE5}.Debug|Any CPU.Build.0 = Debug|Any CPU
		{D85477CC-B9FA-4FBD-B41F-FADD40BA8DE5}.Release|Any CPU.ActiveCfg = Release|Any CPU
		{D85477CC-B9FA-4FBD-B41F-FADD40BA8DE5}.Release|Any CPU.Build.0 = Release|Any CPU
		{0DC9FEBC-1E41-408A-A056-939DD0852F76}.Debug|Any CPU.ActiveCfg = Debug|Any CPU
		{0DC9FEBC-1E41-408A-A056-939DD0852F76}.Debug|Any CPU.Build.0 = Debug|Any CPU
		{0DC9FEBC-1E41-408A-A056-939DD0852F76}.Release|Any CPU.ActiveCfg = Release|Any CPU
		{0DC9FEBC-1E41-408A-A056-939DD0852F76}.Release|Any CPU.Build.0 = Release|Any CPU
		{7FBBD98A-6AEE-4B73-93D7-268FA88BA39E}.Debug|Any CPU.ActiveCfg = Debug|Any CPU
		{7FBBD98A-6AEE-4B73-93D7-268FA88BA39E}.Debug|Any CPU.Build.0 = Debug|Any CPU
		{7FBBD98A-6AEE-4B73-93D7-268FA88BA39E}.Release|Any CPU.ActiveCfg = Release|Any CPU
		{7FBBD98A-6AEE-4B73-93D7-268FA88BA39E}.Release|Any CPU.Build.0 = Release|Any CPU
	EndGlobalSection
	GlobalSection(SolutionProperties) = preSolution
		HideSolutionNode = FALSE
	EndGlobalSection
	GlobalSection(NestedProjects) = preSolution
		{AC23164C-C9B2-4A29-848A-8A091B6940FC} = {02EA681E-C7D8-13C7-8484-4AC65E1B71E8}
		{382CD509-F3E4-45C5-A205-F35EEDCC5999} = {02EA681E-C7D8-13C7-8484-4AC65E1B71E8}
		{32F420DC-B585-4D34-996B-C83C95F4A9CA} = {02EA681E-C7D8-13C7-8484-4AC65E1B71E8}
		{D85477CC-B9FA-4FBD-B41F-FADD40BA8DE5} = {EE0C8270-37E1-44A9-B6E3-9733EFC4D2B0}
		{0DC9FEBC-1E41-408A-A056-939DD0852F76} = {EE0C8270-37E1-44A9-B6E3-9733EFC4D2B0}
		{7FBBD98A-6AEE-4B73-93D7-268FA88BA39E} = {EE0C8270-37E1-44A9-B6E3-9733EFC4D2B0}
	EndGlobalSection
	GlobalSection(ExtensibilityGlobals) = postSolution
		SolutionGuid = {37EA7F62-3D77-4EAC-800E-3974817AD017}
	EndGlobalSection
EndGlobal
