
Microsoft Visual Studio Solution File, Format Version 12.00
# Visual Studio Version 17
VisualStudioVersion = 17.14.36511.14
MinimumVisualStudioVersion = 10.0.40219.1
Project("{2150E333-8FDC-42A3-9474-1A3956D46DE8}") = "Task0", "Task0", "{02EA681E-C7D8-13C7-8484-4AC65E1B71E8}"
EndProject
Project("{FAE04EC0-301F-11D3-BF4B-00C04F79EFBC}") = "Tyuiu.MertsKV.Sprint1.Task0.V30.Lib", "Tyuiu.MertsKV.Sprint1.Task0.V30.Lib\Tyuiu.MertsKV.Sprint1.Task0.V30.Lib.csproj", "{AC23164C-C9B2-4A29-848A-8A091B6940FC}"
EndProject
Project("{FAE04EC0-301F-11D3-BF4B-00C04F79EFBC}") = "Tyuiu.MertsKV.Sprint1.Task0.V30", "Tyuiu.MertsKV.Sprint1.Task0.V30\Tyuiu.MertsKV.Sprint1.Task0.V30.csproj", "{382CD509-F3E4-45C5-A205-F35EEDCC5999}"
EndProject
Project("{FAE04EC0-301F-11D3-BF4B-00C04F79EFBC}") = "Tyuiu.MertsKV.Sprint1.Task0.V30.Test", "Tyuiu.MertsKV.Sprint1.Task0.V30.Test\Tyuiu.MertsKV.Sprint1.Task0.V30.Test.csproj", "{32F420DC-B585-4D34-996B-C83C95F4A9CA}"
EndProject
Project("{2150E333-8FDC-42A3-9474-1A3956D46DE8}") = "Task1", "Task1", "{EE0C8270-37E1-44A9-B6E3-9733EFC4D2B0}"
EndProject
Project("{FAE04EC0-301F-11D3-BF4B-00C04F79EFBC}") = "Tyuiu.MertsKV.Sprint1.Task1.V30", "Tyuiu.MertsKV.Sprint1.Task1.V30\Tyuiu.MertsKV.Sprint1.Task1.V30.csproj", "{D85477CC-B9FA-4FBD-B41F-FADD40BA8DE5}"
EndProject
Project("{FAE04EC0-301F-11D3-BF4B-00C04F79EFBC}") = "Tyuiu.MertsKV.Sprint1.Task1.V30.Lib", "Tyuiu.MertsKV.Sprint1.Task1.V30.Lib\Tyuiu.MertsKV.Sprint1.Task1.V30.Lib.csproj", "{0DC9FEBC-1E41-408A-A056-939DD0852F76}"
EndProject
Project("{FAE04EC0-301F-11D3-BF4B-00C04F79EFBC}") = "Tyuiu.MertsKV.Sprint1.Task1.V30.Test", "Tyuiu.MertsKV.Sprint1.Task1.V30.Test\Tyuiu.MertsKV.Sprint1.Task1.V30.Test.csproj", "{7FBBD98A-6AEE-4B73-93D7-268FA88BA39E}"
EndProject
Project("{2150E333-8FDC-42A3-9474-1A3956D46DE8}") = "Task2", "Task2", "{03642C4F-31C9-483D-A20A-5B2581EC0724}"
EndProject
Project("{FAE04EC0-301F-11D3-BF4B-00C04F79EFBC}") = "Tyuiu.MertsKV.Sprint1.Task2.V30", "Tyuiu.MertsKV.Sprint1.Task2.V30\Tyuiu.MertsKV.Sprint1.Task2.V30.csproj", "{7F8C73FD-05FC-45B4-B3C4-72F5E3247A60}"
EndProject
Project("{FAE04EC0-301F-11D3-BF4B-00C04F79EFBC}") = "Tyuiu.MertsKV.Sprint1.Task2.V30.Lib", "Tyuiu.MertsKV.Sprint1.Task2.V30.Lib\Tyuiu.MertsKV.Sprint1.Task2.V30.Lib.csproj", "{57AE5D14-CA32-4FD2-BE07-DD9D90B2EC65}"
EndProject
Project("{FAE04EC0-301F-11D3-BF4B-00C04F79EFBC}") = "Tyuiu.MertsKV.Sprint1.Task2.V30.Test", "Tyuiu.MertsKV.Sprint1.Task2.V30.Test\Tyuiu.MertsKV.Sprint1.Task2.V30.Test.csproj", "{10DB60CA-CC95-4E16-BB64-7BA096738A3D}"
EndProject
Project("{2150E333-8FDC-42A3-9474-1A3956D46DE8}") = "Task3", "Task3", "{07291E74-7156-4DCD-9636-F4DF932B4FF5}"
EndProject
Project("{FAE04EC0-301F-11D3-BF4B-00C04F79EFBC}") = "Tyuiu.MertsKV.Sprint1.Task3.V2", "Tyuiu.MertsKV.Sprint1.Task3.V2\Tyuiu.MertsKV.Sprint1.Task3.V2.csproj", "{96431991-CE34-4E3F-9390-020B91ED6835}"
EndProject
Project("{FAE04EC0-301F-11D3-BF4B-00C04F79EFBC}") = "Tyuiu.MertsKV.Sprint1.Task3.V2.Lib", "Tyuiu.MertsKV.Sprint1.Task3.V2.Lib\Tyuiu.MertsKV.Sprint1.Task3.V2.Lib.csproj", "{792CA6CF-787D-458D-AE4E-3C265340083F}"
EndProject
Project("{FAE04EC0-301F-11D3-BF4B-00C04F79EFBC}") = "Tyuiu.MertsKV.Sprint1.Task3.V2.Test", "Tyuiu.MertsKV.Sprint1.Task3.V2.Test\Tyuiu.MertsKV.Sprint1.Task3.V2.Test.csproj", "{C7AB6A36-04DF-48E1-9A5D-CFF7C69CE588}"
EndProject
Project("{2150E333-8FDC-42A3-9474-1A3956D46DE8}") = "Task4", "Task4", "{A90CDA0A-6FCC-4146-B3B6-D156DD47CCE9}"
EndProject
Project("{FAE04EC0-301F-11D3-BF4B-00C04F79EFBC}") = "Tyuiu.MertsKV.Sprint1.Task4.V16", "Tyuiu.MertsKV.Sprint1.Task4.V16\Tyuiu.MertsKV.Sprint1.Task4.V16.csproj", "{948083AC-A17F-41E6-A809-0269D542F56B}"
EndProject
Project("{FAE04EC0-301F-11D3-BF4B-00C04F79EFBC}") = "Tyuiu.MertsKV.Sprint1.Task4.V16.Lib", "Tyuiu.MertsKV.Sprint1.Task4.V16.Lib\Tyuiu.MertsKV.Sprint1.Task4.V16.Lib.csproj", "{1391B5EC-C2E4-4334-B847-E17EED3D8DD7}"
EndProject
Project("{FAE04EC0-301F-11D3-BF4B-00C04F79EFBC}") = "Tyuiu.MertsKV.Sprint1.Task4.V16.Test", "Tyuiu.MertsKV.Sprint1.Task4.V16.Test\Tyuiu.MertsKV.Sprint1.Task4.V16.Test.csproj", "{6CE058D9-4813-4FE7-8E4E-3DC4F0A6712D}"
EndProject
Global
	GlobalSection(SolutionConfigurationPlatforms) = preSolution
		Debug|Any CPU = Debug|Any CPU
		Release|Any CPU = Release|Any CPU
	EndGlobalSection
	GlobalSection(ProjectConfigurationPlatforms) = postSolution
		{AC23164C-C9B2-4A29-848A-8A091B6940FC}.Debug|Any CPU.ActiveCfg = Debug|Any CPU
		{AC23164C-C9B2-4A29-848A-8A091B6940FC}.Debug|Any CPU.Build.0 = Debug|Any CPU
		{AC23164C-C9B2-4A29-848A-8A091B6940FC}.Release|Any CPU.ActiveCfg = Release|Any CPU
		{AC23164C-C9B2-4A29-848A-8A091B6940FC}.Release|Any CPU.Build.0 = Release|Any CPU
		{382CD509-F3E4-45C5-A205-F35EEDCC5999}.Debug|Any CPU.ActiveCfg = Debug|Any CPU
		{382CD509-F3E4-45C5-A205-F35EEDCC5999}.Debug|Any CPU.Build.0 = Debug|Any CPU
		{382CD509-F3E4-45C5-A205-F35EEDCC5999}.Release|Any CPU.ActiveCfg = Release|Any CPU
		{382CD509-F3E4-45C5-A205-F35EEDCC5999}.Release|Any CPU.Build.0 = Release|Any CPU
		{32F420DC-B585-4D34-996B-C83C95F4A9CA}.Debug|Any CPU.ActiveCfg = Debug|Any CPU
		{32F420DC-B585-4D34-996B-C83C95F4A9CA}.Debug|Any CPU.Build.0 = Debug|Any CPU
		{32F420DC-B585-4D34-996B-C83C95F4A9CA}.Release|Any CPU.ActiveCfg = Release|Any CPU
		{32F420DC-B585-4D34-996B-C83C95F4A9CA}.Release|Any CPU.Build.0 = Release|Any CPU
		{D85477CC-B9FA-4FBD-B41F-FADD40BA8DE5}.Debug|Any CPU.ActiveCfg = Debug|Any CPU
		{D85477CC-B9FA-4FBD-B41F-FADD40BA8DE5}.Debug|Any CPU.Build.0 = Debug|Any CPU
		{D85477CC-B9FA-4FBD-B41F-FADD40BA8DE5}.Release|Any CPU.ActiveCfg = Release|Any CPU
		{D85477CC-B9FA-4FBD-B41F-FADD40BA8DE5}.Release|Any CPU.Build.0 = Release|Any CPU
		{0DC9FEBC-1E41-408A-A056-939DD0852F76}.Debug|Any CPU.ActiveCfg = Debug|Any CPU
		{0DC9FEBC-1E41-408A-A056-939DD0852F76}.Debug|Any CPU.Build.0 = Debug|Any CPU
		{0DC9FEBC-1E41-408A-A056-939DD0852F76}.Release|Any CPU.ActiveCfg = Release|Any CPU
		{0DC9FEBC-1E41-408A-A056-939DD0852F76}.Release|Any CPU.Build.0 = Release|Any CPU
		{7FBBD98A-6AEE-4B73-93D7-268FA88BA39E}.Debug|Any CPU.ActiveCfg = Debug|Any CPU
		{7FBBD98A-6AEE-4B73-93D7-268FA88BA39E}.Debug|Any CPU.Build.0 = Debug|Any CPU
		{7FBBD98A-6AEE-4B73-93D7-268FA88BA39E}.Release|Any CPU.ActiveCfg = Release|Any CPU
		{7FBBD98A-6AEE-4B73-93D7-268FA88BA39E}.Release|Any CPU.Build.0 = Release|Any CPU
		{7F8C73FD-05FC-45B4-B3C4-72F5E3247A60}.Debug|Any CPU.ActiveCfg = Debug|Any CPU
		{7F8C73FD-05FC-45B4-B3C4-72F5E3247A60}.Debug|Any CPU.Build.0 = Debug|Any CPU
		{7F8C73FD-05FC-45B4-B3C4-72F5E3247A60}.Release|Any CPU.ActiveCfg = Release|Any CPU
		{7F8C73FD-05FC-45B4-B3C4-72F5E3247A60}.Release|Any CPU.Build.0 = Release|Any CPU
		{57AE5D14-CA32-4FD2-BE07-DD9D90B2EC65}.Debug|Any CPU.ActiveCfg = Debug|Any CPU
		{57AE5D14-CA32-4FD2-BE07-DD9D90B2EC65}.Debug|Any CPU.Build.0 = Debug|Any CPU
		{57AE5D14-CA32-4FD2-BE07-DD9D90B2EC65}.Release|Any CPU.ActiveCfg = Release|Any CPU
		{57AE5D14-CA32-4FD2-BE07-DD9D90B2EC65}.Release|Any CPU.Build.0 = Release|Any CPU
		{10DB60CA-CC95-4E16-BB64-7BA096738A3D}.Debug|Any CPU.ActiveCfg = Debug|Any CPU
		{10DB60CA-CC95-4E16-BB64-7BA096738A3D}.Debug|Any CPU.Build.0 = Debug|Any CPU
		{10DB60CA-CC95-4E16-BB64-7BA096738A3D}.Release|Any CPU.ActiveCfg = Release|Any CPU
		{10DB60CA-CC95-4E16-BB64-7BA096738A3D}.Release|Any CPU.Build.0 = Release|Any CPU
		{96431991-CE34-4E3F-9390-020B91ED6835}.Debug|Any CPU.ActiveCfg = Debug|Any CPU
		{96431991-CE34-4E3F-9390-020B91ED6835}.Debug|Any CPU.Build.0 = Debug|Any CPU
		{96431991-CE34-4E3F-9390-020B91ED6835}.Release|Any CPU.ActiveCfg = Release|Any CPU
		{96431991-CE34-4E3F-9390-020B91ED6835}.Release|Any CPU.Build.0 = Release|Any CPU
		{792CA6CF-787D-458D-AE4E-3C265340083F}.Debug|Any CPU.ActiveCfg = Debug|Any CPU
		{792CA6CF-787D-458D-AE4E-3C265340083F}.Debug|Any CPU.Build.0 = Debug|Any CPU
		{792CA6CF-787D-458D-AE4E-3C265340083F}.Release|Any CPU.ActiveCfg = Release|Any CPU
		{792CA6CF-787D-458D-AE4E-3C265340083F}.Release|Any CPU.Build.0 = Release|Any CPU
		{C7AB6A36-04DF-48E1-9A5D-CFF7C69CE588}.Debug|Any CPU.ActiveCfg = Debug|Any CPU
		{C7AB6A36-04DF-48E1-9A5D-CFF7C69CE588}.Debug|Any CPU.Build.0 = Debug|Any CPU
		{C7AB6A36-04DF-48E1-9A5D-CFF7C69CE588}.Release|Any CPU.ActiveCfg = Release|Any CPU
		{C7AB6A36-04DF-48E1-9A5D-CFF7C69CE588}.Release|Any CPU.Build.0 = Release|Any CPU
		{948083AC-A17F-41E6-A809-0269D542F56B}.Debug|Any CPU.ActiveCfg = Debug|Any CPU
		{948083AC-A17F-41E6-A809-0269D542F56B}.Debug|Any CPU.Build.0 = Debug|Any CPU
		{948083AC-A17F-41E6-A809-0269D542F56B}.Release|Any CPU.ActiveCfg = Release|Any CPU
		{948083AC-A17F-41E6-A809-0269D542F56B}.Release|Any CPU.Build.0 = Release|Any CPU
		{1391B5EC-C2E4-4334-B847-E17EED3D8DD7}.Debug|Any CPU.ActiveCfg = Debug|Any CPU
		{1391B5EC-C2E4-4334-B847-E17EED3D8DD7}.Debug|Any CPU.Build.0 = Debug|Any CPU
		{1391B5EC-C2E4-4334-B847-E17EED3D8DD7}.Release|Any CPU.ActiveCfg = Release|Any CPU
		{1391B5EC-C2E4-4334-B847-E17EED3D8DD7}.Release|Any CPU.Build.0 = Release|Any CPU
		{6CE058D9-4813-4FE7-8E4E-3DC4F0A6712D}.Debug|Any CPU.ActiveCfg = Debug|Any CPU
		{6CE058D9-4813-4FE7-8E4E-3DC4F0A6712D}.Debug|Any CPU.Build.0 = Debug|Any CPU
		{6CE058D9-4813-4FE7-8E4E-3DC4F0A6712D}.Release|Any CPU.ActiveCfg = Release|Any CPU
		{6CE058D9-4813-4FE7-8E4E-3DC4F0A6712D}.Release|Any CPU.Build.0 = Release|Any CPU
	EndGlobalSection
	GlobalSection(SolutionProperties) = preSolution
		HideSolutionNode = FALSE
	EndGlobalSection
	GlobalSection(NestedProjects) = preSolution
		{AC23164C-C9B2-4A29-848A-8A091B6940FC} = {02EA681E-C7D8-13C7-8484-4AC65E1B71E8}
		{382CD509-F3E4-45C5-A205-F35EEDCC5999} = {02EA681E-C7D8-13C7-8484-4AC65E1B71E8}
		{32F420DC-B585-4D34-996B-C83C95F4A9CA} = {02EA681E-C7D8-13C7-8484-4AC65E1B71E8}
		{D85477CC-B9FA-4FBD-B41F-FADD40BA8DE5} = {EE0C8270-37E1-44A9-B6E3-9733EFC4D2B0}
		{0DC9FEBC-1E41-408A-A056-939DD0852F76} = {EE0C8270-37E1-44A9-B6E3-9733EFC4D2B0}
		{7FBBD98A-6AEE-4B73-93D7-268FA88BA39E} = {EE0C8270-37E1-44A9-B6E3-9733EFC4D2B0}
		{7F8C73FD-05FC-45B4-B3C4-72F5E3247A60} = {03642C4F-31C9-483D-A20A-5B2581EC0724}
		{57AE5D14-CA32-4FD2-BE07-DD9D90B2EC65} = {03642C4F-31C9-483D-A20A-5B2581EC0724}
		{10DB60CA-CC95-4E16-BB64-7BA096738A3D} = {03642C4F-31C9-483D-A20A-5B2581EC0724}
		{96431991-CE34-4E3F-9390-020B91ED6835} = {07291E74-7156-4DCD-9636-F4DF932B4FF5}
		{792CA6CF-787D-458D-AE4E-3C265340083F} = {07291E74-7156-4DCD-9636-F4DF932B4FF5}
		{C7AB6A36-04DF-48E1-9A5D-CFF7C69CE588} = {07291E74-7156-4DCD-9636-F4DF932B4FF5}
		{948083AC-A17F-41E6-A809-0269D542F56B} = {A90CDA0A-6FCC-4146-B3B6-D156DD47CCE9}
		{1391B5EC-C2E4-4334-B847-E17EED3D8DD7} = {A90CDA0A-6FCC-4146-B3B6-D156DD47CCE9}
		{6CE058D9-4813-4FE7-8E4E-3DC4F0A6712D} = {A90CDA0A-6FCC-4146-B3B6-D156DD47CCE9}
	EndGlobalSection
	GlobalSection(ExtensibilityGlobals) = postSolution
		SolutionGuid = {37EA7F62-3D77-4EAC-800E-3974817AD017}
	EndGlobalSection
EndGlobal
